lockfileVersion: '9.0'

settings:
  autoInstallPeers: true
  excludeLinksFromLockfile: false

importers:

  .:
    dependencies:
      '@repo/database':
        specifier: workspace:*
        version: link:../database
      '@types/google.accounts':
        specifier: ^0.0.18
        version: 0.0.18

packages:

  '@types/google.accounts@0.0.18':
    resolution: {integrity: sha512-yHaPznll97ZnMJlPABHyeiIlLn3u6gQaUjA5k/O9lrrpgFB9VT10CKPLuKM0qTHMl50uXpW5sIcG+utm8jMOHw==}

snapshots:

  '@types/google.accounts@0.0.18': {}
